// !$*UTF8*$!
{
	archiveVersion = 1;
	classes = {
	};
	objectVersion = 50;
	objects = {

/* Begin PBXBuildFile section */
		5238FAB821A4A09E005963DC /* AppDelegate.m in Sources */ = {isa = PBXBuildFile; fileRef = 5238FAB721A4A09E005963DC /* AppDelegate.m */; };
		5238FABB21A4A09E005963DC /* IGAuthViewController.m in Sources */ = {isa = PBXBuildFile; fileRef = 5238FABA21A4A09E005963DC /* IGAuthViewController.m */; };
		5238FABE21A4A09E005963DC /* Main.storyboard in Resources */ = {isa = PBXBuildFile; fileRef = 5238FABC21A4A09E005963DC /* Main.storyboard */; };
		5238FAC021A4A0A7005963DC /* Assets.xcassets in Resources */ = {isa = PBXBuildFile; fileRef = 5238FABF21A4A0A7005963DC /* Assets.xcassets */; };
		5238FAC321A4A0A7005963DC /* LaunchScreen.storyboard in Resources */ = {isa = PBXBuildFile; fileRef = 5238FAC121A4A0A7005963DC /* LaunchScreen.storyboard */; };
		5238FAC621A4A0A7005963DC /* main.m in Sources */ = {isa = PBXBuildFile; fileRef = 5238FAC521A4A0A7005963DC /* main.m */; };
		C506B9408A68AB62865A5C68 /* libPods-DemoInstagramFeed.a in Frameworks */ = {isa = PBXBuildFile; fileRef = 330E48E277639018671258B9 /* libPods-DemoInstagramFeed.a */; };
/* End PBXBuildFile section */

/* Begin PBXFileReference section */
		2826A778DDBEE326AC4214FE /* Pods-DemoInstagramFeed.release.xcconfig */ = {isa = PBXFileReference; includeInIndex = 1; lastKnownFileType = text.xcconfig; name = "Pods-DemoInstagramFeed.release.xcconfig"; path = "Pods/Target Support Files/Pods-DemoInstagramFeed/Pods-DemoInstagramFeed.release.xcconfig"; sourceTree = "<group>"; };
		330E48E277639018671258B9 /* libPods-DemoInstagramFeed.a */ = {isa = PBXFileReference; explicitFileType = archive.ar; includeInIndex = 0; path = "libPods-DemoInstagramFeed.a"; sourceTree = BUILT_PRODUCTS_DIR; };
		405276E7867E0D8FD13DFF5D /* Pods-DemoInstagramFeed.debug.xcconfig */ = {isa = PBXFileReference; includeInIndex = 1; lastKnownFileType = text.xcconfig; name = "Pods-DemoInstagramFeed.debug.xcconfig"; path = "Pods/Target Support Files/Pods-DemoInstagramFeed/Pods-DemoInstagramFeed.debug.xcconfig"; sourceTree = "<group>"; };
		5238FAB321A4A09E005963DC /* DemoInstagramFeed.app */ = {isa = PBXFileReference; explicitFileType = wrapper.application; includeInIndex = 0; path = DemoInstagramFeed.app; sourceTree = BUILT_PRODUCTS_DIR; };
		5238FAB621A4A09E005963DC /* AppDelegate.h */ = {isa = PBXFileReference; lastKnownFileType = sourcecode.c.h; path = AppDelegate.h; sourceTree = "<group>"; };
		5238FAB721A4A09E005963DC /* AppDelegate.m */ = {isa = PBXFileReference; lastKnownFileType = sourcecode.c.objc; path = AppDelegate.m; sourceTree = "<group>"; };
		5238FAB921A4A09E005963DC /* IGAuthViewController.h */ = {isa = PBXFileReference; lastKnownFileType = sourcecode.c.h; path = IGAuthViewController.h; sourceTree = "<group>"; };
		5238FABA21A4A09E005963DC /* IGAuthViewController.m */ = {isa = PBXFileReference; lastKnownFileType = sourcecode.c.objc; path = IGAuthViewController.m; sourceTree = "<group>"; };
		5238FABD21A4A09E005963DC /* Base */ = {isa = PBXFileReference; lastKnownFileType = file.storyboard; name = Base; path = Base.lproj/Main.storyboard; sourceTree = "<group>"; };
		5238FABF21A4A0A7005963DC /* Assets.xcassets */ = {isa = PBXFileReference; lastKnownFileType = folder.assetcatalog; path = Assets.xcassets; sourceTree = "<group>"; };
		5238FAC221A4A0A7005963DC /* Base */ = {isa = PBXFileReference; lastKnownFileType = file.storyboard; name = Base; path = Base.lproj/LaunchScreen.storyboard; sourceTree = "<group>"; };
		5238FAC421A4A0A7005963DC /* Info.plist */ = {isa = PBXFileReference; lastKnownFileType = text.plist.xml; path = Info.plist; sourceTree = "<group>"; };
		5238FAC521A4A0A7005963DC /* main.m */ = {isa = PBXFileReference; lastKnownFileType = sourcecode.c.objc; path = main.m; sourceTree = "<group>"; };
/* End PBXFileReference section */

/* Begin PBXFrameworksBuildPhase section */
		5238FAB021A4A09E005963DC /* Frameworks */ = {
			isa = PBXFrameworksBuildPhase;
			buildActionMask = 2147483647;
			files = (
				C506B9408A68AB62865A5C68 /* libPods-DemoInstagramFeed.a in Frameworks */,
			);
			runOnlyForDeploymentPostprocessing = 0;
		};
/* End PBXFrameworksBuildPhase section */

/* Begin PBXGroup section */
		292E6C4EB6DDC8120F299CD9 /* Frameworks */ = {
			isa = PBXGroup;
			children = (
				330E48E277639018671258B9 /* libPods-DemoInstagramFeed.a */,
			);
			name = Frameworks;
			sourceTree = "<group>";
		};
		5238FAAA21A4A09E005963DC = {
			isa = PBXGroup;
			children = (
				5238FAB521A4A09E005963DC /* DemoInstagramFeed */,
				5238FAB421A4A09E005963DC /* Products */,
				A303CF6B4DC943DB042DD708 /* Pods */,
				292E6C4EB6DDC8120F299CD9 /* Frameworks */,
			);
			sourceTree = "<group>";
		};
		5238FAB421A4A09E005963DC /* Products */ = {
			isa = PBXGroup;
			children = (
				5238FAB321A4A09E005963DC /* DemoInstagramFeed.app */,
			);
			name = Products;
			sourceTree = "<group>";
		};
		5238FAB521A4A09E005963DC /* DemoInstagramFeed */ = {
			isa = PBXGroup;
			children = (
				5238FACC21A4A34B005963DC /* Auth */,
				5238FAB621A4A09E005963DC /* AppDelegate.h */,
				5238FAB721A4A09E005963DC /* AppDelegate.m */,
				5238FABC21A4A09E005963DC /* Main.storyboard */,
				5238FABF21A4A0A7005963DC /* Assets.xcassets */,
				5238FAC121A4A0A7005963DC /* LaunchScreen.storyboard */,
				5238FAC421A4A0A7005963DC /* Info.plist */,
				5238FAC521A4A0A7005963DC /* main.m */,
			);
			path = DemoInstagramFeed;
			sourceTree = "<group>";
		};
		5238FACC21A4A34B005963DC /* Auth */ = {
			isa = PBXGroup;
			children = (
				5238FAB921A4A09E005963DC /* IGAuthViewController.h */,
				5238FABA21A4A09E005963DC /* IGAuthViewController.m */,
			);
			path = Auth;
			sourceTree = "<group>";
		};
		A303CF6B4DC943DB042DD708 /* Pods */ = {
			isa = PBXGroup;
			children = (
				405276E7867E0D8FD13DFF5D /* Pods-DemoInstagramFeed.debug.xcconfig */,
				2826A778DDBEE326AC4214FE /* Pods-DemoInstagramFeed.release.xcconfig */,
			);
			name = Pods;
			sourceTree = "<group>";
		};
/* End PBXGroup section */

/* Begin PBXNativeTarget section */
		5238FAB221A4A09E005963DC /* DemoInstagramFeed */ = {
			isa = PBXNativeTarget;
			buildConfigurationList = 5238FAC921A4A0A7005963DC /* Build configuration list for PBXNativeTarget "DemoInstagramFeed" */;
			buildPhases = (
				C2288848A3A83708ABF6EF18 /* [CP] Check Pods Manifest.lock */,
				5238FAAF21A4A09E005963DC /* Sources */,
				5238FAB021A4A09E005963DC /* Frameworks */,
				5238FAB121A4A09E005963DC /* Resources */,
			);
			buildRules = (
			);
			dependencies = (
			);
			name = DemoInstagramFeed;
			productName = DemoInstagramFeed;
			productReference = 5238FAB321A4A09E005963DC /* DemoInstagramFeed.app */;
			productType = "com.apple.product-type.application";
		};
/* End PBXNativeTarget section */

/* Begin PBXProject section */
		5238FAAB21A4A09E005963DC /* Project object */ = {
			isa = PBXProject;
			attributes = {
				LastUpgradeCheck = 1010;
				ORGANIZATIONNAME = "Alsu Shigapova";
				TargetAttributes = {
					5238FAB221A4A09E005963DC = {
						CreatedOnToolsVersion = 10.1;
					};
				};
			};
			buildConfigurationList = 5238FAAE21A4A09E005963DC /* Build configuration list for PBXProject "DemoInstagramFeed" */;
			compatibilityVersion = "Xcode 9.3";
			developmentRegion = en;
			hasScannedForEncodings = 0;
			knownRegions = (
				en,
				Base,
			);
			mainGroup = 5238FAAA21A4A09E005963DC;
			productRefGroup = 5238FAB421A4A09E005963DC /* Products */;
			projectDirPath = "";
			projectRoot = "";
			targets = (
				5238FAB221A4A09E005963DC /* DemoInstagramFeed */,
			);
		};
/* End PBXProject section */

/* Begin PBXResourcesBuildPhase section */
		5238FAB121A4A09E005963DC /* Resources */ = {
			isa = PBXResourcesBuildPhase;
			buildActionMask = 2147483647;
			files = (
				5238FAC321A4A0A7005963DC /* LaunchScreen.storyboard in Resources */,
				5238FAC021A4A0A7005963DC /* Assets.xcassets in Resources */,
				5238FABE21A4A09E005963DC /* Main.storyboard in Resources */,
			);
			runOnlyForDeploymentPostprocessing = 0;
		};
/* End PBXResourcesBuildPhase section */

/* Begin PBXShellScriptBuildPhase section */
		C2288848A3A83708ABF6EF18 /* [CP] Check Pods Manifest.lock */ = {
			isa = PBXShellScriptBuildPhase;
			buildActionMask = 2147483647;
			files = (
			);
			inputPaths = (
				"${PODS_PODFILE_DIR_PATH}/Podfile.lock",
				"${PODS_ROOT}/Manifest.lock",
			);
			name = "[CP] Check Pods Manifest.lock";
			outputPaths = (
				"$(DERIVED_FILE_DIR)/Pods-DemoInstagramFeed-checkManifestLockResult.txt",
			);
			runOnlyForDeploymentPostprocessing = 0;
			shellPath = /bin/sh;
			shellScript = "diff \"${PODS_PODFILE_DIR_PATH}/Podfile.lock\" \"${PODS_ROOT}/Manifest.lock\" > /dev/null\nif [ $? != 0 ] ; then\n    # print error to STDERR\n    echo \"error: The sandbox is not in sync with the Podfile.lock. Run 'pod install' or update your CocoaPods installation.\" >&2\n    exit 1\nfi\n# This output is used by Xcode 'outputs' to avoid re-running this script phase.\necho \"SUCCESS\" > \"${SCRIPT_OUTPUT_FILE_0}\"\n";
			showEnvVarsInLog = 0;
		};
/* End PBXShellScriptBuildPhase section */

/* Begin PBXSourcesBuildPhase section */
		5238FAAF21A4A09E005963DC /* Sources */ = {
			isa = PBXSourcesBuildPhase;
			buildActionMask = 2147483647;
			files = (
				5238FABB21A4A09E005963DC /* IGAuthViewController.m in Sources */,
				5238FAC621A4A0A7005963DC /* main.m in Sources */,
				5238FAB821A4A09E005963DC /* AppDelegate.m in Sources */,
			);
			runOnlyForDeploymentPostprocessing = 0;
		};
/* End PBXSourcesBuildPhase section */

/* Begin PBXVariantGroup section */
		5238FABC21A4A09E005963DC /* Main.storyboard */ = {
			isa = PBXVariantGroup;
			children = (
				5238FABD21A4A09E005963DC /* Base */,
			);
			name = Main.storyboard;
			sourceTree = "<group>";
		};
		5238FAC121A4A0A7005963DC /* LaunchScreen.storyboard */ = {
			isa = PBXVariantGroup;
			children = (
				5238FAC221A4A0A7005963DC /* Base */,
			);
			name = LaunchScreen.storyboard;
			sourceTree = "<group>";
		};
/* End PBXVariantGroup section */

/* Begin XCBuildConfiguration section */
		5238FAC721A4A0A7005963DC /* Debug */ = {
			isa = XCBuildConfiguration;
			buildSettings = {
				ALWAYS_SEARCH_USER_PATHS = NO;
				CLANG_ANALYZER_NONNULL = YES;
				CLANG_ANALYZER_NUMBER_OBJECT_CONVERSION = YES_AGGRESSIVE;
				CLANG_CXX_LANGUAGE_STANDARD = "gnu++14";
				CLANG_CXX_LIBRARY = "libc++";
				CLANG_ENABLE_MODULES = YES;
				CLANG_ENABLE_OBJC_ARC = YES;
				CLANG_ENABLE_OBJC_WEAK = YES;
				CLANG_WARN_BLOCK_CAPTURE_AUTORELEASING = YES;
				CLANG_WARN_BOOL_CONVERSION = YES;
				CLANG_WARN_COMMA = YES;
				CLANG_WARN_CONSTANT_CONVERSION = YES;
				CLANG_WARN_DEPRECATED_OBJC_IMPLEMENTATIONS = YES;
				CLANG_WARN_DIRECT_OBJC_ISA_USAGE = YES_ERROR;
				CLANG_WARN_DOCUMENTATION_COMMENTS = YES;
				CLANG_WARN_EMPTY_BODY = YES;
				CLANG_WARN_ENUM_CONVERSION = YES;
				CLANG_WARN_INFINITE_RECURSION = YES;
				CLANG_WARN_INT_CONVERSION = YES;
				CLANG_WARN_NON_LITERAL_NULL_CONVERSION = YES;
				CLANG_WARN_OBJC_IMPLICIT_RETAIN_SELF = YES;
				CLANG_WARN_OBJC_LITERAL_CONVERSION = YES;
				CLANG_WARN_OBJC_ROOT_CLASS = YES_ERROR;
				CLANG_WARN_RANGE_LOOP_ANALYSIS = YES;
				CLANG_WARN_STRICT_PROTOTYPES = YES;
				CLANG_WARN_SUSPICIOUS_MOVE = YES;
				CLANG_WARN_UNGUARDED_AVAILABILITY = YES_AGGRESSIVE;
				CLANG_WARN_UNREACHABLE_CODE = YES;
				CLANG_WARN__DUPLICATE_METHOD_MATCH = YES;
				CODE_SIGN_IDENTITY = "iPhone Developer";
				COPY_PHASE_STRIP = NO;
				DEBUG_INFORMATION_FORMAT = dwarf;
				ENABLE_STRICT_OBJC_MSGSEND = YES;
				ENABLE_TESTABILITY = YES;
				GCC_C_LANGUAGE_STANDARD = gnu11;
				GCC_DYNAMIC_NO_PIC = NO;
				GCC_NO_COMMON_BLOCKS = YES;
				GCC_OPTIMIZATION_LEVEL = 0;
				GCC_PREPROCESSOR_DEFINITIONS = (
					"DEBUG=1",
					"$(inherited)",
				);
				GCC_WARN_64_TO_32_BIT_CONVERSION = YES;
				GCC_WARN_ABOUT_RETURN_TYPE = YES_ERROR;
				GCC_WARN_UNDECLARED_SELECTOR = YES;
				GCC_WARN_UNINITIALIZED_AUTOS = YES_AGGRESSIVE;
				GCC_WARN_UNUSED_FUNCTION = YES;
				GCC_WARN_UNUSED_VARIABLE = YES;
				IPHONEOS_DEPLOYMENT_TARGET = 12.1;
				MTL_ENABLE_DEBUG_INFO = INCLUDE_SOURCE;
				MTL_FAST_MATH = YES;
				ONLY_ACTIVE_ARCH = YES;
				SDKROOT = iphoneos;
			};
			name = Debug;
		};
		5238FAC821A4A0A7005963DC /* Release */ = {
			isa = XCBuildConfiguration;
			buildSettings = {
				ALWAYS_SEARCH_USER_PATHS = NO;
				CLANG_ANALYZER_NONNULL = YES;
				CLANG_ANALYZER_NUMBER_OBJECT_CONVERSION = YES_AGGRESSIVE;
				CLANG_CXX_LANGUAGE_STANDARD = "gnu++14";
				CLANG_CXX_LIBRARY = "libc++";
				CLANG_ENABLE_MODULES = YES;
				CLANG_ENABLE_OBJC_ARC = YES;
				CLANG_ENABLE_OBJC_WEAK = YES;
				CLANG_WARN_BLOCK_CAPTURE_AUTORELEASING = YES;
				CLANG_WARN_BOOL_CONVERSION = YES;
				CLANG_WARN_COMMA = YES;
				CLANG_WARN_CONSTANT_CONVERSION = YES;
				CLANG_WARN_DEPRECATED_OBJC_IMPLEMENTATIONS = YES;
				CLANG_WARN_DIRECT_OBJC_ISA_USAGE = YES_ERROR;
				CLANG_WARN_DOCUMENTATION_COMMENTS = YES;
				CLANG_WARN_EMPTY_BODY = YES;
				CLANG_WARN_ENUM_CONVERSION = YES;
				CLANG_WARN_INFINITE_RECURSION = YES;
				CLANG_WARN_INT_CONVERSION = YES;
				CLANG_WARN_NON_LITERAL_NULL_CONVERSION = YES;
				CLANG_WARN_OBJC_IMPLICIT_RETAIN_SELF = YES;
				CLANG_WARN_OBJC_LITERAL_CONVERSION = YES;
				CLANG_WARN_OBJC_ROOT_CLASS = YES_ERROR;
				CLANG_WARN_RANGE_LOOP_ANALYSIS = YES;
				CLANG_WARN_STRICT_PROTOTYPES = YES;
				CLANG_WARN_SUSPICIOUS_MOVE = YES;
				CLANG_WARN_UNGUARDED_AVAILABILITY = YES_AGGRESSIVE;
				CLANG_WARN_UNREACHABLE_CODE = YES;
				CLANG_WARN__DUPLICATE_METHOD_MATCH = YES;
				CODE_SIGN_IDENTITY = "iPhone Developer";
				COPY_PHASE_STRIP = NO;
				DEBUG_INFORMATION_FORMAT = "dwarf-with-dsym";
				ENABLE_NS_ASSERTIONS = NO;
				ENABLE_STRICT_OBJC_MSGSEND = YES;
				GCC_C_LANGUAGE_STANDARD = gnu11;
				GCC_NO_COMMON_BLOCKS = YES;
				GCC_WARN_64_TO_32_BIT_CONVERSION = YES;
				GCC_WARN_ABOUT_RETURN_TYPE = YES_ERROR;
				GCC_WARN_UNDECLARED_SELECTOR = YES;
				GCC_WARN_UNINITIALIZED_AUTOS = YES_AGGRESSIVE;
				GCC_WARN_UNUSED_FUNCTION = YES;
				GCC_WARN_UNUSED_VARIABLE = YES;
				IPHONEOS_DEPLOYMENT_TARGET = 12.1;
				MTL_ENABLE_DEBUG_INFO = NO;
				MTL_FAST_MATH = YES;
				SDKROOT = iphoneos;
				VALIDATE_PRODUCT = YES;
			};
			name = Release;
		};
		5238FACA21A4A0A7005963DC /* Debug */ = {
			isa = XCBuildConfiguration;
			baseConfigurationReference = 405276E7867E0D8FD13DFF5D /* Pods-DemoInstagramFeed.debug.xcconfig */;
			buildSettings = {
				ASSETCATALOG_COMPILER_APPICON_NAME = AppIcon;
				CODE_SIGN_STYLE = Automatic;
				INFOPLIST_FILE = DemoInstagramFeed/Info.plist;
				LD_RUNPATH_SEARCH_PATHS = "$(inherited) @executable_path/Frameworks";
				PRODUCT_BUNDLE_IDENTIFIER = ru.alsu.DemoInstagramFeed;
				PRODUCT_NAME = "$(TARGET_NAME)";
				TARGETED_DEVICE_FAMILY = "1,2";
			};
			name = Debug;
		};
		5238FACB21A4A0A7005963DC /* Release */ = {
			isa = XCBuildConfiguration;
			baseConfigurationReference = 2826A778DDBEE326AC4214FE /* Pods-DemoInstagramFeed.release.xcconfig */;
			buildSettings = {
				ASSETCATALOG_COMPILER_APPICON_NAME = AppIcon;
				CODE_SIGN_STYLE = Automatic;
				INFOPLIST_FILE = DemoInstagramFeed/Info.plist;
				LD_RUNPATH_SEARCH_PATHS = "$(inherited) @executable_path/Frameworks";
				PRODUCT_BUNDLE_IDENTIFIER = ru.alsu.DemoInstagramFeed;
				PRODUCT_NAME = "$(TARGET_NAME)";
				TARGETED_DEVICE_FAMILY = "1,2";
			};
			name = Release;
		};
/* End XCBuildConfiguration section */

/* Begin XCConfigurationList section */
		5238FAAE21A4A09E005963DC /* Build configuration list for PBXProject "DemoInstagramFeed" */ = {
			isa = XCConfigurationList;
			buildConfigurations = (
				5238FAC721A4A0A7005963DC /* Debug */,
				5238FAC821A4A0A7005963DC /* Release */,
			);
			defaultConfigurationIsVisible = 0;
			defaultConfigurationName = Release;
		};
		5238FAC921A4A0A7005963DC /* Build configuration list for PBXNativeTarget "DemoInstagramFeed" */ = {
			isa = XCConfigurationList;
			buildConfigurations = (
				5238FACA21A4A0A7005963DC /* Debug */,
				5238FACB21A4A0A7005963DC /* Release */,
			);
			defaultConfigurationIsVisible = 0;
			defaultConfigurationName = Release;
		};
/* End XCConfigurationList section */
	};
	rootObject = 5238FAAB21A4A09E005963DC /* Project object */;
}
